
Microsoft Visual Studio Solution File, Format Version 12.00
# Visual Studio Version 16
VisualStudioVersion = 16.0.29020.237
MinimumVisualStudioVersion = 15.0.26124.0
Project("{9A19103F-16F7-4668-BE54-9A1E7A4F7556}") = "Prexonite", "Prexonite\Prexonite.csproj", "{F640F74B-83F0-4FE8-98D7-9A5BB76E1AC9}"
EndProject
Global
	GlobalSection(SolutionConfigurationPlatforms) = preSolution
		Debug|Any CPU = Debug|Any CPU
		Debug|x64 = Debug|x64
		Debug|x86 = Debug|x86
		Release|Any CPU = Release|Any CPU
		Release|x64 = Release|x64
		Release|x86 = Release|x86
	EndGlobalSection
	GlobalSection(ProjectConfigurationPlatforms) = postSolution
		{F640F74B-83F0-4FE8-98D7-9A5BB76E1AC9}.Debug|Any CPU.ActiveCfg = Debug|Any CPU
		{F640F74B-83F0-4FE8-98D7-9A5BB76E1AC9}.Debug|Any CPU.Build.0 = Debug|Any CPU
		{F640F74B-83F0-4FE8-98D7-9A5BB76E1AC9}.Debug|x64.ActiveCfg = Debug|Any CPU
		{F640F74B-83F0-4FE8-98D7-9A5BB76E1AC9}.Debug|x64.Build.0 = Debug|Any CPU
		{F640F74B-83F0-4FE8-98D7-9A5BB76E1AC9}.Debug|x86.ActiveCfg = Debug|Any CPU
		{F640F74B-83F0-4FE8-98D7-9A5BB76E1AC9}.Debug|x86.Build.0 = Debug|Any CPU
		{F640F74B-83F0-4FE8-98D7-9A5BB76E1AC9}.Release|Any CPU.ActiveCfg = Release|Any CPU
		{F640F74B-83F0-4FE8-98D7-9A5BB76E1AC9}.Release|Any CPU.Build.0 = Release|Any CPU
		{F640F74B-83F0-4FE8-98D7-9A5BB76E1AC9}.Release|x64.ActiveCfg = Release|Any CPU
		{F640F74B-83F0-4FE8-98D7-9A5BB76E1AC9}.Release|x64.Build.0 = Release|Any CPU
		{F640F74B-83F0-4FE8-98D7-9A5BB76E1AC9}.Release|x86.ActiveCfg = Release|Any CPU
		{F640F74B-83F0-4FE8-98D7-9A5BB76E1AC9}.Release|x86.Build.0 = Release|Any CPU
	EndGlobalSection
	GlobalSection(SolutionProperties) = preSolution
		HideSolutionNode = FALSE
	EndGlobalSection
	GlobalSection(ExtensibilityGlobals) = postSolution
		SolutionGuid = {220D449D-6157-4516-B2C2-E7A025F2C7CA}
	EndGlobalSection
EndGlobal
